
Microsoft Visual Studio Solution File, Format Version 12.00
# Visual Studio Version 16
VisualStudioVersion = 16.0.34601.136
MinimumVisualStudioVersion = 10.0.40219.1
Project("{F184B08F-C81C-45F6-A57F-5ABD9991F28F}") = "Preguntados", "Preguntados\Preguntados.vbproj", "{CF25CDC6-8E3D-474E-B30E-DDDCFE39BAF4}"
EndProject
Global
	GlobalSection(SolutionConfigurationPlatforms) = preSolution
		Debug|Any CPU = Debug|Any CPU
		Release|Any CPU = Release|Any CPU
	EndGlobalSection
	GlobalSection(ProjectConfigurationPlatforms) = postSolution
		{CF25CDC6-8E3D-474E-B30E-DDDCFE39BAF4}.Debug|Any CPU.ActiveCfg = Debug|Any CPU
		{CF25CDC6-8E3D-474E-B30E-DDDCFE39BAF4}.Debug|Any CPU.Build.0 = Debug|Any CPU
		{CF25CDC6-8E3D-474E-B30E-DDDCFE39BAF4}.Release|Any CPU.ActiveCfg = Release|Any CPU
		{CF25CDC6-8E3D-474E-B30E-DDDCFE39BAF4}.Release|Any CPU.Build.0 = Release|Any CPU
	EndGlobalSection
	GlobalSection(SolutionProperties) = preSolution
		HideSolutionNode = FALSE
	EndGlobalSection
	GlobalSection(ExtensibilityGlobals) = postSolution
		SolutionGuid = {B2043B6E-B744-4CA7-ADAE-5590C65B708F}
	EndGlobalSection
EndGlobal
